
Microsoft Visual Studio Solution File, Format Version 12.00
# Visual Studio 15
VisualStudioVersion = 15.0.28307.421
MinimumVisualStudioVersion = 10.0.40219.1
Project("{FAE04EC0-301F-11D3-BF4B-00C04F79EFBC}") = "TinyECS", "TinyECS\TinyECS.csproj", "{5F068059-FCFC-4A07-8430-C58431B39795}"
EndProject
Project("{FAE04EC0-301F-11D3-BF4B-00C04F79EFBC}") = "TinyECSTests", "TinyECSTests\TinyECSTests.csproj", "{41C5CFFE-D320-4D54-9F8A-167E08EB9B84}"
EndProject
Project("{2150E333-8FDC-42A3-9474-1A3956D46DE8}") = "Samples", "Samples", "{208A6D50-AA5A-48E0-B21C-A64A6983020B}"
EndProject
Project("{FAE04EC0-301F-11D3-BF4B-00C04F79EFBC}") = "SandboxProject", "Samples\SandboxProject\SandboxProject.csproj", "{C2F4C946-E6A2-4ED6-BEB8-AC6EB56D411F}"
EndProject
Project("{FAE04EC0-301F-11D3-BF4B-00C04F79EFBC}") = "Tutorial01_HelloWorld", "Samples\Tutorial01_HelloWorld\Tutorial01_HelloWorld.csproj", "{C64863C9-CDC4-41AF-AB9E-1320A320625B}"
EndProject
Project("{FAE04EC0-301F-11D3-BF4B-00C04F79EFBC}") = "TinyECSUnityIntegration", "TinyECSUnityIntegration\TinyECSUnityIntegration.csproj", "{7FF156DA-3333-49B6-B082-FF86B458724E}"
EndProject
Global
	GlobalSection(SolutionConfigurationPlatforms) = preSolution
		Debug|Any CPU = Debug|Any CPU
		Release|Any CPU = Release|Any CPU
	EndGlobalSection
	GlobalSection(ProjectConfigurationPlatforms) = postSolution
		{5F068059-FCFC-4A07-8430-C58431B39795}.Debug|Any CPU.ActiveCfg = Debug|Any CPU
		{5F068059-FCFC-4A07-8430-C58431B39795}.Debug|Any CPU.Build.0 = Debug|Any CPU
		{5F068059-FCFC-4A07-8430-C58431B39795}.Release|Any CPU.ActiveCfg = Release|Any CPU
		{5F068059-FCFC-4A07-8430-C58431B39795}.Release|Any CPU.Build.0 = Release|Any CPU
		{41C5CFFE-D320-4D54-9F8A-167E08EB9B84}.Debug|Any CPU.ActiveCfg = Debug|Any CPU
		{41C5CFFE-D320-4D54-9F8A-167E08EB9B84}.Debug|Any CPU.Build.0 = Debug|Any CPU
		{41C5CFFE-D320-4D54-9F8A-167E08EB9B84}.Release|Any CPU.ActiveCfg = Release|Any CPU
		{41C5CFFE-D320-4D54-9F8A-167E08EB9B84}.Release|Any CPU.Build.0 = Release|Any CPU
		{C2F4C946-E6A2-4ED6-BEB8-AC6EB56D411F}.Debug|Any CPU.ActiveCfg = Debug|Any CPU
		{C2F4C946-E6A2-4ED6-BEB8-AC6EB56D411F}.Debug|Any CPU.Build.0 = Debug|Any CPU
		{C2F4C946-E6A2-4ED6-BEB8-AC6EB56D411F}.Release|Any CPU.ActiveCfg = Release|Any CPU
		{C2F4C946-E6A2-4ED6-BEB8-AC6EB56D411F}.Release|Any CPU.Build.0 = Release|Any CPU
		{C64863C9-CDC4-41AF-AB9E-1320A320625B}.Debug|Any CPU.ActiveCfg = Debug|Any CPU
		{C64863C9-CDC4-41AF-AB9E-1320A320625B}.Debug|Any CPU.Build.0 = Debug|Any CPU
		{C64863C9-CDC4-41AF-AB9E-1320A320625B}.Release|Any CPU.ActiveCfg = Release|Any CPU
		{C64863C9-CDC4-41AF-AB9E-1320A320625B}.Release|Any CPU.Build.0 = Release|Any CPU
		{7FF156DA-3333-49B6-B082-FF86B458724E}.Debug|Any CPU.ActiveCfg = Debug|Any CPU
		{7FF156DA-3333-49B6-B082-FF86B458724E}.Debug|Any CPU.Build.0 = Debug|Any CPU
		{7FF156DA-3333-49B6-B082-FF86B458724E}.Release|Any CPU.ActiveCfg = Release|Any CPU
		{7FF156DA-3333-49B6-B082-FF86B458724E}.Release|Any CPU.Build.0 = Release|Any CPU
	EndGlobalSection
	GlobalSection(SolutionProperties) = preSolution
		HideSolutionNode = FALSE
	EndGlobalSection
	GlobalSection(NestedProjects) = preSolution
		{C2F4C946-E6A2-4ED6-BEB8-AC6EB56D411F} = {208A6D50-AA5A-48E0-B21C-A64A6983020B}
		{C64863C9-CDC4-41AF-AB9E-1320A320625B} = {208A6D50-AA5A-48E0-B21C-A64A6983020B}
	EndGlobalSection
	GlobalSection(ExtensibilityGlobals) = postSolution
		SolutionGuid = {DBEB9C11-5243-4290-88C6-A6D9420A56E1}
	EndGlobalSection
EndGlobal
